// !$*UTF8*$!
{
	archiveVersion = 1;
	classes = {
	};
	objectVersion = 46;
	objects = {

/* Begin PBXBuildFile section */
		F13E86651D70AE0C0003C8EC /* AppDelegate.swift in Sources */ = {isa = PBXBuildFile; fileRef = F13E86641D70AE0C0003C8EC /* AppDelegate.swift */; };
		F13E86671D70AE0C0003C8EC /* ViewController.swift in Sources */ = {isa = PBXBuildFile; fileRef = F13E86661D70AE0C0003C8EC /* ViewController.swift */; };
		F13E866A1D70AE0C0003C8EC /* Main.storyboard in Resources */ = {isa = PBXBuildFile; fileRef = F13E86681D70AE0C0003C8EC /* Main.storyboard */; };
		F13E866C1D70AE0C0003C8EC /* Assets.xcassets in Resources */ = {isa = PBXBuildFile; fileRef = F13E866B1D70AE0C0003C8EC /* Assets.xcassets */; };
		F13E866F1D70AE0C0003C8EC /* LaunchScreen.storyboard in Resources */ = {isa = PBXBuildFile; fileRef = F13E866D1D70AE0C0003C8EC /* LaunchScreen.storyboard */; };
		F13E867A1D70AE0C0003C8EC /* BehaviourableTests.swift in Sources */ = {isa = PBXBuildFile; fileRef = F13E86791D70AE0C0003C8EC /* BehaviourableTests.swift */; };
/* End PBXBuildFile section */

/* Begin PBXContainerItemProxy section */
		F13E86761D70AE0C0003C8EC /* PBXContainerItemProxy */ = {
			isa = PBXContainerItemProxy;
			containerPortal = F13E86591D70AE0C0003C8EC /* Project object */;
			proxyType = 1;
			remoteGlobalIDString = F13E86601D70AE0C0003C8EC;
			remoteInfo = Behaviourable;
		};
/* End PBXContainerItemProxy section */

/* Begin PBXFileReference section */
		F13E86611D70AE0C0003C8EC /* Behaviourable.app */ = {isa = PBXFileReference; explicitFileType = wrapper.application; includeInIndex = 0; path = Behaviourable.app; sourceTree = BUILT_PRODUCTS_DIR; };
		F13E86641D70AE0C0003C8EC /* AppDelegate.swift */ = {isa = PBXFileReference; lastKnownFileType = sourcecode.swift; path = AppDelegate.swift; sourceTree = "<group>"; };
		F13E86661D70AE0C0003C8EC /* ViewController.swift */ = {isa = PBXFileReference; lastKnownFileType = sourcecode.swift; path = ViewController.swift; sourceTree = "<group>"; };
		F13E86691D70AE0C0003C8EC /* Base */ = {isa = PBXFileReference; lastKnownFileType = file.storyboard; name = Base; path = Base.lproj/Main.storyboard; sourceTree = "<group>"; };
		F13E866B1D70AE0C0003C8EC /* Assets.xcassets */ = {isa = PBXFileReference; lastKnownFileType = folder.assetcatalog; path = Assets.xcassets; sourceTree = "<group>"; };
		F13E866E1D70AE0C0003C8EC /* Base */ = {isa = PBXFileReference; lastKnownFileType = file.storyboard; name = Base; path = Base.lproj/LaunchScreen.storyboard; sourceTree = "<group>"; };
		F13E86701D70AE0C0003C8EC /* Info.plist */ = {isa = PBXFileReference; lastKnownFileType = text.plist.xml; path = Info.plist; sourceTree = "<group>"; };
		F13E86751D70AE0C0003C8EC /* BehaviourableTests.xctest */ = {isa = PBXFileReference; explicitFileType = wrapper.cfbundle; includeInIndex = 0; path = BehaviourableTests.xctest; sourceTree = BUILT_PRODUCTS_DIR; };
		F13E86791D70AE0C0003C8EC /* BehaviourableTests.swift */ = {isa = PBXFileReference; lastKnownFileType = sourcecode.swift; path = BehaviourableTests.swift; sourceTree = "<group>"; };
		F13E867B1D70AE0C0003C8EC /* Info.plist */ = {isa = PBXFileReference; lastKnownFileType = text.plist.xml; path = Info.plist; sourceTree = "<group>"; };
/* End PBXFileReference section */

/* Begin PBXFrameworksBuildPhase section */
		F13E865E1D70AE0C0003C8EC /* Frameworks */ = {
			isa = PBXFrameworksBuildPhase;
			buildActionMask = 2147483647;
			files = (
			);
			runOnlyForDeploymentPostprocessing = 0;
		};
		F13E86721D70AE0C0003C8EC /* Frameworks */ = {
			isa = PBXFrameworksBuildPhase;
			buildActionMask = 2147483647;
			files = (
			);
			runOnlyForDeploymentPostprocessing = 0;
		};
/* End PBXFrameworksBuildPhase section */

/* Begin PBXGroup section */
		F13E86581D70AE0C0003C8EC = {
			isa = PBXGroup;
			children = (
				F13E86631D70AE0C0003C8EC /* Behaviourable */,
				F13E86781D70AE0C0003C8EC /* BehaviourableTests */,
				F13E86621D70AE0C0003C8EC /* Products */,
			);
			sourceTree = "<group>";
		};
		F13E86621D70AE0C0003C8EC /* Products */ = {
			isa = PBXGroup;
			children = (
				F13E86611D70AE0C0003C8EC /* Behaviourable.app */,
				F13E86751D70AE0C0003C8EC /* BehaviourableTests.xctest */,
			);
			name = Products;
			sourceTree = "<group>";
		};
		F13E86631D70AE0C0003C8EC /* Behaviourable */ = {
			isa = PBXGroup;
			children = (
				F13E86641D70AE0C0003C8EC /* AppDelegate.swift */,
				F13E86661D70AE0C0003C8EC /* ViewController.swift */,
				F13E86681D70AE0C0003C8EC /* Main.storyboard */,
				F13E866B1D70AE0C0003C8EC /* Assets.xcassets */,
				F13E866D1D70AE0C0003C8EC /* LaunchScreen.storyboard */,
				F13E86701D70AE0C0003C8EC /* Info.plist */,
			);
			path = Behaviourable;
			sourceTree = "<group>";
		};
		F13E86781D70AE0C0003C8EC /* BehaviourableTests */ = {
			isa = PBXGroup;
			children = (
				F13E86791D70AE0C0003C8EC /* BehaviourableTests.swift */,
				F13E867B1D70AE0C0003C8EC /* Info.plist */,
			);
			path = BehaviourableTests;
			sourceTree = "<group>";
		};
/* End PBXGroup section */

/* Begin PBXNativeTarget section */
		F13E86601D70AE0C0003C8EC /* Behaviourable */ = {
			isa = PBXNativeTarget;
			buildConfigurationList = F13E867E1D70AE0C0003C8EC /* Build configuration list for PBXNativeTarget "Behaviourable" */;
			buildPhases = (
				F13E865D1D70AE0C0003C8EC /* Sources */,
				F13E865E1D70AE0C0003C8EC /* Frameworks */,
				F13E865F1D70AE0C0003C8EC /* Resources */,
			);
			buildRules = (
			);
			dependencies = (
			);
			name = Behaviourable;
			productName = Behaviourable;
			productReference = F13E86611D70AE0C0003C8EC /* Behaviourable.app */;
			productType = "com.apple.product-type.application";
		};
		F13E86741D70AE0C0003C8EC /* BehaviourableTests */ = {
			isa = PBXNativeTarget;
			buildConfigurationList = F13E86811D70AE0C0003C8EC /* Build configuration list for PBXNativeTarget "BehaviourableTests" */;
			buildPhases = (
				F13E86711D70AE0C0003C8EC /* Sources */,
				F13E86721D70AE0C0003C8EC /* Frameworks */,
				F13E86731D70AE0C0003C8EC /* Resources */,
			);
			buildRules = (
			);
			dependencies = (
				F13E86771D70AE0C0003C8EC /* PBXTargetDependency */,
			);
			name = BehaviourableTests;
			productName = BehaviourableTests;
			productReference = F13E86751D70AE0C0003C8EC /* BehaviourableTests.xctest */;
			productType = "com.apple.product-type.bundle.unit-test";
		};
/* End PBXNativeTarget section */

/* Begin PBXProject section */
		F13E86591D70AE0C0003C8EC /* Project object */ = {
			isa = PBXProject;
			attributes = {
				LastSwiftUpdateCheck = 0730;
				LastUpgradeCheck = 0730;
				ORGANIZATIONNAME = "Maximilian Clarke";
				TargetAttributes = {
					F13E86601D70AE0C0003C8EC = {
						CreatedOnToolsVersion = 7.3;
					};
					F13E86741D70AE0C0003C8EC = {
						CreatedOnToolsVersion = 7.3;
						TestTargetID = F13E86601D70AE0C0003C8EC;
					};
				};
			};
			buildConfigurationList = F13E865C1D70AE0C0003C8EC /* Build configuration list for PBXProject "Behaviourable" */;
			compatibilityVersion = "Xcode 3.2";
			developmentRegion = English;
			hasScannedForEncodings = 0;
			knownRegions = (
				en,
				Base,
			);
			mainGroup = F13E86581D70AE0C0003C8EC;
			productRefGroup = F13E86621D70AE0C0003C8EC /* Products */;
			projectDirPath = "";
			projectRoot = "";
			targets = (
				F13E86601D70AE0C0003C8EC /* Behaviourable */,
				F13E86741D70AE0C0003C8EC /* BehaviourableTests */,
			);
		};
/* End PBXProject section */

/* Begin PBXResourcesBuildPhase section */
		F13E865F1D70AE0C0003C8EC /* Resources */ = {
			isa = PBXResourcesBuildPhase;
			buildActionMask = 2147483647;
			files = (
				F13E866F1D70AE0C0003C8EC /* LaunchScreen.storyboard in Resources */,
				F13E866C1D70AE0C0003C8EC /* Assets.xcassets in Resources */,
				F13E866A1D70AE0C0003C8EC /* Main.storyboard in Resources */,
			);
			runOnlyForDeploymentPostprocessing = 0;
		};
		F13E86731D70AE0C0003C8EC /* Resources */ = {
			isa = PBXResourcesBuildPhase;
			buildActionMask = 2147483647;
			files = (
			);
			runOnlyForDeploymentPostprocessing = 0;
		};
/* End PBXResourcesBuildPhase section */

/* Begin PBXSourcesBuildPhase section */
		F13E865D1D70AE0C0003C8EC /* Sources */ = {
			isa = PBXSourcesBuildPhase;
			buildActionMask = 2147483647;
			files = (
				F13E86671D70AE0C0003C8EC /* ViewController.swift in Sources */,
				F13E86651D70AE0C0003C8EC /* AppDelegate.swift in Sources */,
			);
			runOnlyForDeploymentPostprocessing = 0;
		};
		F13E86711D70AE0C0003C8EC /* Sources */ = {
			isa = PBXSourcesBuildPhase;
			buildActionMask = 2147483647;
			files = (
				F13E867A1D70AE0C0003C8EC /* BehaviourableTests.swift in Sources */,
			);
			runOnlyForDeploymentPostprocessing = 0;
		};
/* End PBXSourcesBuildPhase section */

/* Begin PBXTargetDependency section */
		F13E86771D70AE0C0003C8EC /* PBXTargetDependency */ = {
			isa = PBXTargetDependency;
			target = F13E86601D70AE0C0003C8EC /* Behaviourable */;
			targetProxy = F13E86761D70AE0C0003C8EC /* PBXContainerItemProxy */;
		};
/* End PBXTargetDependency section */

/* Begin PBXVariantGroup section */
		F13E86681D70AE0C0003C8EC /* Main.storyboard */ = {
			isa = PBXVariantGroup;
			children = (
				F13E86691D70AE0C0003C8EC /* Base */,
			);
			name = Main.storyboard;
			sourceTree = "<group>";
		};
		F13E866D1D70AE0C0003C8EC /* LaunchScreen.storyboard */ = {
			isa = PBXVariantGroup;
			children = (
				F13E866E1D70AE0C0003C8EC /* Base */,
			);
			name = LaunchScreen.storyboard;
			sourceTree = "<group>";
		};
/* End PBXVariantGroup section */

/* Begin XCBuildConfiguration section */
		F13E867C1D70AE0C0003C8EC /* Debug */ = {
			isa = XCBuildConfiguration;
			buildSettings = {
				ALWAYS_SEARCH_USER_PATHS = NO;
				CLANG_ANALYZER_NONNULL = YES;
				CLANG_CXX_LANGUAGE_STANDARD = "gnu++0x";
				CLANG_CXX_LIBRARY = "libc++";
				CLANG_ENABLE_MODULES = YES;
				CLANG_ENABLE_OBJC_ARC = YES;
				CLANG_WARN_BOOL_CONVERSION = YES;
				CLANG_WARN_CONSTANT_CONVERSION = YES;
				CLANG_WARN_DIRECT_OBJC_ISA_USAGE = YES_ERROR;
				CLANG_WARN_EMPTY_BODY = YES;
				CLANG_WARN_ENUM_CONVERSION = YES;
				CLANG_WARN_INT_CONVERSION = YES;
				CLANG_WARN_OBJC_ROOT_CLASS = YES_ERROR;
				CLANG_WARN_UNREACHABLE_CODE = YES;
				CLANG_WARN__DUPLICATE_METHOD_MATCH = YES;
				"CODE_SIGN_IDENTITY[sdk=iphoneos*]" = "iPhone Developer";
				COPY_PHASE_STRIP = NO;
				DEBUG_INFORMATION_FORMAT = dwarf;
				ENABLE_STRICT_OBJC_MSGSEND = YES;
				ENABLE_TESTABILITY = YES;
				GCC_C_LANGUAGE_STANDARD = gnu99;
				GCC_DYNAMIC_NO_PIC = NO;
				GCC_NO_COMMON_BLOCKS = YES;
				GCC_OPTIMIZATION_LEVEL = 0;
				GCC_PREPROCESSOR_DEFINITIONS = (
					"DEBUG=1",
					"$(inherited)",
				);
				GCC_WARN_64_TO_32_BIT_CONVERSION = YES;
				GCC_WARN_ABOUT_RETURN_TYPE = YES_ERROR;
				GCC_WARN_UNDECLARED_SELECTOR = YES;
				GCC_WARN_UNINITIALIZED_AUTOS = YES_AGGRESSIVE;
				GCC_WARN_UNUSED_FUNCTION = YES;
				GCC_WARN_UNUSED_VARIABLE = YES;
				IPHONEOS_DEPLOYMENT_TARGET = 9.3;
				MTL_ENABLE_DEBUG_INFO = YES;
				ONLY_ACTIVE_ARCH = YES;
				SDKROOT = iphoneos;
				SWIFT_OPTIMIZATION_LEVEL = "-Onone";
				TARGETED_DEVICE_FAMILY = "1,2";
			};
			name = Debug;
		};
		F13E867D1D70AE0C0003C8EC /* Release */ = {
			isa = XCBuildConfiguration;
			buildSettings = {
				ALWAYS_SEARCH_USER_PATHS = NO;
				CLANG_ANALYZER_NONNULL = YES;
				CLANG_CXX_LANGUAGE_STANDARD = "gnu++0x";
				CLANG_CXX_LIBRARY = "libc++";
				CLANG_ENABLE_MODULES = YES;
				CLANG_ENABLE_OBJC_ARC = YES;
				CLANG_WARN_BOOL_CONVERSION = YES;
				CLANG_WARN_CONSTANT_CONVERSION = YES;
				CLANG_WARN_DIRECT_OBJC_ISA_USAGE = YES_ERROR;
				CLANG_WARN_EMPTY_BODY = YES;
				CLANG_WARN_ENUM_CONVERSION = YES;
				CLANG_WARN_INT_CONVERSION = YES;
				CLANG_WARN_OBJC_ROOT_CLASS = YES_ERROR;
				CLANG_WARN_UNREACHABLE_CODE = YES;
				CLANG_WARN__DUPLICATE_METHOD_MATCH = YES;
				"CODE_SIGN_IDENTITY[sdk=iphoneos*]" = "iPhone Developer";
				COPY_PHASE_STRIP = NO;
				DEBUG_INFORMATION_FORMAT = "dwarf-with-dsym";
				ENABLE_NS_ASSERTIONS = NO;
				ENABLE_STRICT_OBJC_MSGSEND = YES;
				GCC_C_LANGUAGE_STANDARD = gnu99;
				GCC_NO_COMMON_BLOCKS = YES;
				GCC_WARN_64_TO_32_BIT_CONVERSION = YES;
				GCC_WARN_ABOUT_RETURN_TYPE = YES_ERROR;
				GCC_WARN_UNDECLARED_SELECTOR = YES;
				GCC_WARN_UNINITIALIZED_AUTOS = YES_AGGRESSIVE;
				GCC_WARN_UNUSED_FUNCTION = YES;
				GCC_WARN_UNUSED_VARIABLE = YES;
				IPHONEOS_DEPLOYMENT_TARGET = 9.3;
				MTL_ENABLE_DEBUG_INFO = NO;
				SDKROOT = iphoneos;
				TARGETED_DEVICE_FAMILY = "1,2";
				VALIDATE_PRODUCT = YES;
			};
			name = Release;
		};
		F13E867F1D70AE0C0003C8EC /* Debug */ = {
			isa = XCBuildConfiguration;
			buildSettings = {
				ASSETCATALOG_COMPILER_APPICON_NAME = AppIcon;
				INFOPLIST_FILE = Behaviourable/Info.plist;
				LD_RUNPATH_SEARCH_PATHS = "$(inherited) @executable_path/Frameworks";
				PRODUCT_BUNDLE_IDENTIFIER = me.maximilianclarke.Behaviourable;
				PRODUCT_NAME = "$(TARGET_NAME)";
			};
			name = Debug;
		};
		F13E86801D70AE0C0003C8EC /* Release */ = {
			isa = XCBuildConfiguration;
			buildSettings = {
				ASSETCATALOG_COMPILER_APPICON_NAME = AppIcon;
				INFOPLIST_FILE = Behaviourable/Info.plist;
				LD_RUNPATH_SEARCH_PATHS = "$(inherited) @executable_path/Frameworks";
				PRODUCT_BUNDLE_IDENTIFIER = me.maximilianclarke.Behaviourable;
				PRODUCT_NAME = "$(TARGET_NAME)";
			};
			name = Release;
		};
		F13E86821D70AE0C0003C8EC /* Debug */ = {
			isa = XCBuildConfiguration;
			buildSettings = {
				BUNDLE_LOADER = "$(TEST_HOST)";
				INFOPLIST_FILE = BehaviourableTests/Info.plist;
				LD_RUNPATH_SEARCH_PATHS = "$(inherited) @executable_path/Frameworks @loader_path/Frameworks";
				PRODUCT_BUNDLE_IDENTIFIER = me.maximilianclarke.BehaviourableTests;
				PRODUCT_NAME = "$(TARGET_NAME)";
				TEST_HOST = "$(BUILT_PRODUCTS_DIR)/Behaviourable.app/Behaviourable";
			};
			name = Debug;
		};
		F13E86831D70AE0C0003C8EC /* Release */ = {
			isa = XCBuildConfiguration;
			buildSettings = {
				BUNDLE_LOADER = "$(TEST_HOST)";
				INFOPLIST_FILE = BehaviourableTests/Info.plist;
				LD_RUNPATH_SEARCH_PATHS = "$(inherited) @executable_path/Frameworks @loader_path/Frameworks";
				PRODUCT_BUNDLE_IDENTIFIER = me.maximilianclarke.BehaviourableTests;
				PRODUCT_NAME = "$(TARGET_NAME)";
				TEST_HOST = "$(BUILT_PRODUCTS_DIR)/Behaviourable.app/Behaviourable";
			};
			name = Release;
		};
/* End XCBuildConfiguration section */

/* Begin XCConfigurationList section */
		F13E865C1D70AE0C0003C8EC /* Build configuration list for PBXProject "Behaviourable" */ = {
			isa = XCConfigurationList;
			buildConfigurations = (
				F13E867C1D70AE0C0003C8EC /* Debug */,
				F13E867D1D70AE0C0003C8EC /* Release */,
			);
			defaultConfigurationIsVisible = 0;
			defaultConfigurationName = Release;
		};
		F13E867E1D70AE0C0003C8EC /* Build configuration list for PBXNativeTarget "Behaviourable" */ = {
			isa = XCConfigurationList;
			buildConfigurations = (
				F13E867F1D70AE0C0003C8EC /* Debug */,
				F13E86801D70AE0C0003C8EC /* Release */,
			);
			defaultConfigurationIsVisible = 0;
		};
		F13E86811D70AE0C0003C8EC /* Build configuration list for PBXNativeTarget "BehaviourableTests" */ = {
			isa = XCConfigurationList;
			buildConfigurations = (
				F13E86821D70AE0C0003C8EC /* Debug */,
				F13E86831D70AE0C0003C8EC /* Release */,
			);
			defaultConfigurationIsVisible = 0;
		};
/* End XCConfigurationList section */
	};
	rootObject = F13E86591D70AE0C0003C8EC /* Project object */;
}
